// !$*UTF8*$!
{
	archiveVersion = 1;
	classes = {
	};
	objectVersion = 51;
	objects = {

/* Begin PBXBuildFile section */
		A5C2373824E70ABC0010CA8D /* AppDelegate.m in Sources */ = {isa = PBXBuildFile; fileRef = A5C2373724E70ABC0010CA8D /* AppDelegate.m */; };
		A5C2374324E70ABD0010CA8D /* Assets.xcassets in Resources */ = {isa = PBXBuildFile; fileRef = A5C2374224E70ABD0010CA8D /* Assets.xcassets */; };
		A5C2374924E70ABD0010CA8D /* main.m in Sources */ = {isa = PBXBuildFile; fileRef = A5C2374824E70ABD0010CA8D /* main.m */; };
		A5C2374F24E70C870010CA8D /* Pods_ios_flutter_frame.framework in Frameworks */ = {isa = PBXBuildFile; fileRef = 1BDA9364C08C6A4E52C27345 /* Pods_ios_flutter_frame.framework */; };
		A5C2375724E98FF10010CA8D /* PlatformRouterImp.m in Sources */ = {isa = PBXBuildFile; fileRef = A5C2375624E98FF10010CA8D /* PlatformRouterImp.m */; };
		A5C2375B24E9921F0010CA8D /* UIViewControllerDemo.m in Sources */ = {isa = PBXBuildFile; fileRef = A5C2375A24E9921F0010CA8D /* UIViewControllerDemo.m */; };
		A5C2375E24E992600010CA8D /* NativeViewController.m in Sources */ = {isa = PBXBuildFile; fileRef = A5C2375D24E992600010CA8D /* NativeViewController.m */; };
		A5C2376224E996430010CA8D /* UIViewControllerDemo.xib in Resources */ = {isa = PBXBuildFile; fileRef = A5C2376124E996430010CA8D /* UIViewControllerDemo.xib */; };
/* End PBXBuildFile section */

/* Begin PBXFileReference section */
		1BDA9364C08C6A4E52C27345 /* Pods_ios_flutter_frame.framework */ = {isa = PBXFileReference; explicitFileType = wrapper.framework; includeInIndex = 0; path = Pods_ios_flutter_frame.framework; sourceTree = BUILT_PRODUCTS_DIR; };
		209B7D2E3744605805B006CD /* Pods-ios-flutter-frame.debug.xcconfig */ = {isa = PBXFileReference; includeInIndex = 1; lastKnownFileType = text.xcconfig; name = "Pods-ios-flutter-frame.debug.xcconfig"; path = "Target Support Files/Pods-ios-flutter-frame/Pods-ios-flutter-frame.debug.xcconfig"; sourceTree = "<group>"; };
		A5C2373324E70ABC0010CA8D /* ios-flutter-frame.app */ = {isa = PBXFileReference; explicitFileType = wrapper.application; includeInIndex = 0; path = "ios-flutter-frame.app"; sourceTree = BUILT_PRODUCTS_DIR; };
		A5C2373624E70ABC0010CA8D /* AppDelegate.h */ = {isa = PBXFileReference; lastKnownFileType = sourcecode.c.h; path = AppDelegate.h; sourceTree = "<group>"; };
		A5C2373724E70ABC0010CA8D /* AppDelegate.m */ = {isa = PBXFileReference; lastKnownFileType = sourcecode.c.objc; path = AppDelegate.m; sourceTree = "<group>"; };
		A5C2374224E70ABD0010CA8D /* Assets.xcassets */ = {isa = PBXFileReference; lastKnownFileType = folder.assetcatalog; path = Assets.xcassets; sourceTree = "<group>"; };
		A5C2374724E70ABD0010CA8D /* Info.plist */ = {isa = PBXFileReference; lastKnownFileType = text.plist.xml; path = Info.plist; sourceTree = "<group>"; };
		A5C2374824E70ABD0010CA8D /* main.m */ = {isa = PBXFileReference; lastKnownFileType = sourcecode.c.objc; path = main.m; sourceTree = "<group>"; };
		A5C2375624E98FF10010CA8D /* PlatformRouterImp.m */ = {isa = PBXFileReference; lastKnownFileType = sourcecode.c.objc; path = PlatformRouterImp.m; sourceTree = "<group>"; };
		A5C2375824E9905B0010CA8D /* PlatformRouterImp.h */ = {isa = PBXFileReference; lastKnownFileType = sourcecode.c.h; path = PlatformRouterImp.h; sourceTree = "<group>"; };
		A5C2375924E992010010CA8D /* UIViewControllerDemo.h */ = {isa = PBXFileReference; lastKnownFileType = sourcecode.c.h; path = UIViewControllerDemo.h; sourceTree = "<group>"; };
		A5C2375A24E9921F0010CA8D /* UIViewControllerDemo.m */ = {isa = PBXFileReference; lastKnownFileType = sourcecode.c.objc; path = UIViewControllerDemo.m; sourceTree = "<group>"; };
		A5C2375C24E992470010CA8D /* NativeViewController.h */ = {isa = PBXFileReference; lastKnownFileType = sourcecode.c.h; path = NativeViewController.h; sourceTree = "<group>"; };
		A5C2375D24E992600010CA8D /* NativeViewController.m */ = {isa = PBXFileReference; lastKnownFileType = sourcecode.c.objc; path = NativeViewController.m; sourceTree = "<group>"; };
		A5C2376124E996430010CA8D /* UIViewControllerDemo.xib */ = {isa = PBXFileReference; lastKnownFileType = file.xib; path = UIViewControllerDemo.xib; sourceTree = "<group>"; };
		EE067AA8760608850B7068E8 /* Pods-ios-flutter-frame.release.xcconfig */ = {isa = PBXFileReference; includeInIndex = 1; lastKnownFileType = text.xcconfig; name = "Pods-ios-flutter-frame.release.xcconfig"; path = "Target Support Files/Pods-ios-flutter-frame/Pods-ios-flutter-frame.release.xcconfig"; sourceTree = "<group>"; };
/* End PBXFileReference section */

/* Begin PBXFrameworksBuildPhase section */
		A5C2373024E70ABC0010CA8D /* Frameworks */ = {
			isa = PBXFrameworksBuildPhase;
			buildActionMask = 2147483647;
			files = (
				A5C2374F24E70C870010CA8D /* Pods_ios_flutter_frame.framework in Frameworks */,
			);
			runOnlyForDeploymentPostprocessing = 0;
		};
/* End PBXFrameworksBuildPhase section */

/* Begin PBXGroup section */
		77D814665B16A6AA194939C6 /* Pods */ = {
			isa = PBXGroup;
			children = (
				209B7D2E3744605805B006CD /* Pods-ios-flutter-frame.debug.xcconfig */,
				EE067AA8760608850B7068E8 /* Pods-ios-flutter-frame.release.xcconfig */,
			);
			path = Pods;
			sourceTree = "<group>";
		};
		A5C2372A24E70ABC0010CA8D = {
			isa = PBXGroup;
			children = (
				A5C2373524E70ABC0010CA8D /* ios-flutter-frame */,
				A5C2373424E70ABC0010CA8D /* Products */,
				77D814665B16A6AA194939C6 /* Pods */,
				E138EC4670935B4A047980B5 /* Frameworks */,
			);
			sourceTree = "<group>";
		};
		A5C2373424E70ABC0010CA8D /* Products */ = {
			isa = PBXGroup;
			children = (
				A5C2373324E70ABC0010CA8D /* ios-flutter-frame.app */,
			);
			name = Products;
			sourceTree = "<group>";
		};
		A5C2373524E70ABC0010CA8D /* ios-flutter-frame */ = {
			isa = PBXGroup;
			children = (
				A5C2373624E70ABC0010CA8D /* AppDelegate.h */,
				A5C2373724E70ABC0010CA8D /* AppDelegate.m */,
				A5C2374224E70ABD0010CA8D /* Assets.xcassets */,
				A5C2374724E70ABD0010CA8D /* Info.plist */,
				A5C2374824E70ABD0010CA8D /* main.m */,
				A5C2376124E996430010CA8D /* UIViewControllerDemo.xib */,
				A5C2375624E98FF10010CA8D /* PlatformRouterImp.m */,
				A5C2375824E9905B0010CA8D /* PlatformRouterImp.h */,
				A5C2375924E992010010CA8D /* UIViewControllerDemo.h */,
				A5C2375A24E9921F0010CA8D /* UIViewControllerDemo.m */,
				A5C2375C24E992470010CA8D /* NativeViewController.h */,
				A5C2375D24E992600010CA8D /* NativeViewController.m */,
			);
			path = "ios-flutter-frame";
			sourceTree = "<group>";
		};
		E138EC4670935B4A047980B5 /* Frameworks */ = {
			isa = PBXGroup;
			children = (
				1BDA9364C08C6A4E52C27345 /* Pods_ios_flutter_frame.framework */,
			);
			name = Frameworks;
			sourceTree = "<group>";
		};
/* End PBXGroup section */

/* Begin PBXNativeTarget section */
		A5C2373224E70ABC0010CA8D /* ios-flutter-frame */ = {
			isa = PBXNativeTarget;
			buildConfigurationList = A5C2374C24E70ABD0010CA8D /* Build configuration list for PBXNativeTarget "ios-flutter-frame" */;
			buildPhases = (
				52FCC827D2453EF7EA37AAC8 /* [CP] Check Pods Manifest.lock */,
				38F545EEEC5D0580D0AA67F6 /* [CP-User] Run Flutter Build Script */,
				A5C2372F24E70ABC0010CA8D /* Sources */,
				A5C2373024E70ABC0010CA8D /* Frameworks */,
				A5C2373124E70ABC0010CA8D /* Resources */,
				46E47D1006D941455BAA7340 /* [CP] Embed Pods Frameworks */,
			);
			buildRules = (
			);
			dependencies = (
			);
			name = "ios-flutter-frame";
			productName = "ios-flutter-frame";
			productReference = A5C2373324E70ABC0010CA8D /* ios-flutter-frame.app */;
			productType = "com.apple.product-type.application";
		};
/* End PBXNativeTarget section */

/* Begin PBXProject section */
		A5C2372B24E70ABC0010CA8D /* Project object */ = {
			isa = PBXProject;
			attributes = {
				LastUpgradeCheck = 1130;
				ORGANIZATIONNAME = "宝宝";
				TargetAttributes = {
					A5C2373224E70ABC0010CA8D = {
						CreatedOnToolsVersion = 11.3.1;
					};
				};
			};
			buildConfigurationList = A5C2372E24E70ABC0010CA8D /* Build configuration list for PBXProject "ios-flutter-frame" */;
			compatibilityVersion = "Xcode 9.3";
			developmentRegion = en;
			hasScannedForEncodings = 0;
			knownRegions = (
				en,
				Base,
			);
			mainGroup = A5C2372A24E70ABC0010CA8D;
			productRefGroup = A5C2373424E70ABC0010CA8D /* Products */;
			projectDirPath = "";
			projectRoot = "";
			targets = (
				A5C2373224E70ABC0010CA8D /* ios-flutter-frame */,
			);
		};
/* End PBXProject section */

/* Begin PBXResourcesBuildPhase section */
		A5C2373124E70ABC0010CA8D /* Resources */ = {
			isa = PBXResourcesBuildPhase;
			buildActionMask = 2147483647;
			files = (
				A5C2374324E70ABD0010CA8D /* Assets.xcassets in Resources */,
				A5C2376224E996430010CA8D /* UIViewControllerDemo.xib in Resources */,
			);
			runOnlyForDeploymentPostprocessing = 0;
		};
/* End PBXResourcesBuildPhase section */

/* Begin PBXShellScriptBuildPhase section */
		38F545EEEC5D0580D0AA67F6 /* [CP-User] Run Flutter Build Script */ = {
			isa = PBXShellScriptBuildPhase;
			buildActionMask = 2147483647;
			files = (
			);
			inputPaths = (
				"${SRCROOT}/Users/fb/Documents/xituan/ios-flutter-frame/ft-youxuan/.metadata",
				"${SRCROOT}/../ft-youxuan/.ios/Flutter/App.framework/App",
				"${SRCROOT}/../ft-youxuan/.ios/Flutter/engine/Flutter.framework/Flutter",
				"${SRCROOT}/../ft-youxuan/.ios/Flutter/flutter_export_environment.sh",
			);
			name = "[CP-User] Run Flutter Build Script";
			runOnlyForDeploymentPostprocessing = 0;
			shellPath = /bin/sh;
			shellScript = "set -e\nset -u\nsource \"${SRCROOT}/../ft-youxuan/.ios/Flutter/flutter_export_environment.sh\"\n\"$FLUTTER_ROOT\"/packages/flutter_tools/bin/xcode_backend.sh build";
		};
		46E47D1006D941455BAA7340 /* [CP] Embed Pods Frameworks */ = {
			isa = PBXShellScriptBuildPhase;
			buildActionMask = 2147483647;
			files = (
			);
			inputFileListPaths = (
				"${PODS_ROOT}/Target Support Files/Pods-ios-flutter-frame/Pods-ios-flutter-frame-frameworks-${CONFIGURATION}-input-files.xcfilelist",
			);
			name = "[CP] Embed Pods Frameworks";
			outputFileListPaths = (
				"${PODS_ROOT}/Target Support Files/Pods-ios-flutter-frame/Pods-ios-flutter-frame-frameworks-${CONFIGURATION}-output-files.xcfilelist",
			);
			runOnlyForDeploymentPostprocessing = 0;
			shellPath = /bin/sh;
			shellScript = "\"${PODS_ROOT}/Target Support Files/Pods-ios-flutter-frame/Pods-ios-flutter-frame-frameworks.sh\"\n";
			showEnvVarsInLog = 0;
		};
		52FCC827D2453EF7EA37AAC8 /* [CP] Check Pods Manifest.lock */ = {
			isa = PBXShellScriptBuildPhase;
			buildActionMask = 2147483647;
			files = (
			);
			inputFileListPaths = (
			);
			inputPaths = (
				"${PODS_PODFILE_DIR_PATH}/Podfile.lock",
				"${PODS_ROOT}/Manifest.lock",
			);
			name = "[CP] Check Pods Manifest.lock";
			outputFileListPaths = (
			);
			outputPaths = (
				"$(DERIVED_FILE_DIR)/Pods-ios-flutter-frame-checkManifestLockResult.txt",
			);
			runOnlyForDeploymentPostprocessing = 0;
			shellPath = /bin/sh;
			shellScript = "diff \"${PODS_PODFILE_DIR_PATH}/Podfile.lock\" \"${PODS_ROOT}/Manifest.lock\" > /dev/null\nif [ $? != 0 ] ; then\n    # print error to STDERR\n    echo \"error: The sandbox is not in sync with the Podfile.lock. Run 'pod install' or update your CocoaPods installation.\" >&2\n    exit 1\nfi\n# This output is used by Xcode 'outputs' to avoid re-running this script phase.\necho \"SUCCESS\" > \"${SCRIPT_OUTPUT_FILE_0}\"\n";
			showEnvVarsInLog = 0;
		};
/* End PBXShellScriptBuildPhase section */

/* Begin PBXSourcesBuildPhase section */
		A5C2372F24E70ABC0010CA8D /* Sources */ = {
			isa = PBXSourcesBuildPhase;
			buildActionMask = 2147483647;
			files = (
				A5C2373824E70ABC0010CA8D /* AppDelegate.m in Sources */,
				A5C2374924E70ABD0010CA8D /* main.m in Sources */,
				A5C2375B24E9921F0010CA8D /* UIViewControllerDemo.m in Sources */,
				A5C2375724E98FF10010CA8D /* PlatformRouterImp.m in Sources */,
				A5C2375E24E992600010CA8D /* NativeViewController.m in Sources */,
			);
			runOnlyForDeploymentPostprocessing = 0;
		};
/* End PBXSourcesBuildPhase section */

/* Begin XCBuildConfiguration section */
		A5C2374A24E70ABD0010CA8D /* Debug */ = {
			isa = XCBuildConfiguration;
			buildSettings = {
				ALWAYS_SEARCH_USER_PATHS = NO;
				CLANG_ANALYZER_NONNULL = YES;
				CLANG_ANALYZER_NUMBER_OBJECT_CONVERSION = YES_AGGRESSIVE;
				CLANG_CXX_LANGUAGE_STANDARD = "gnu++14";
				CLANG_CXX_LIBRARY = "libc++";
				CLANG_ENABLE_MODULES = YES;
				CLANG_ENABLE_OBJC_ARC = YES;
				CLANG_ENABLE_OBJC_WEAK = YES;
				CLANG_WARN_BLOCK_CAPTURE_AUTORELEASING = YES;
				CLANG_WARN_BOOL_CONVERSION = YES;
				CLANG_WARN_COMMA = YES;
				CLANG_WARN_CONSTANT_CONVERSION = YES;
				CLANG_WARN_DEPRECATED_OBJC_IMPLEMENTATIONS = YES;
				CLANG_WARN_DIRECT_OBJC_ISA_USAGE = YES_ERROR;
				CLANG_WARN_DOCUMENTATION_COMMENTS = YES;
				CLANG_WARN_EMPTY_BODY = YES;
				CLANG_WARN_ENUM_CONVERSION = YES;
				CLANG_WARN_INFINITE_RECURSION = YES;
				CLANG_WARN_INT_CONVERSION = YES;
				CLANG_WARN_NON_LITERAL_NULL_CONVERSION = YES;
				CLANG_WARN_OBJC_IMPLICIT_RETAIN_SELF = YES;
				CLANG_WARN_OBJC_LITERAL_CONVERSION = YES;
				CLANG_WARN_OBJC_ROOT_CLASS = YES_ERROR;
				CLANG_WARN_RANGE_LOOP_ANALYSIS = YES;
				CLANG_WARN_STRICT_PROTOTYPES = YES;
				CLANG_WARN_SUSPICIOUS_MOVE = YES;
				CLANG_WARN_UNGUARDED_AVAILABILITY = YES_AGGRESSIVE;
				CLANG_WARN_UNREACHABLE_CODE = YES;
				CLANG_WARN__DUPLICATE_METHOD_MATCH = YES;
				COPY_PHASE_STRIP = NO;
				DEBUG_INFORMATION_FORMAT = dwarf;
				ENABLE_STRICT_OBJC_MSGSEND = YES;
				ENABLE_TESTABILITY = YES;
				GCC_C_LANGUAGE_STANDARD = gnu11;
				GCC_DYNAMIC_NO_PIC = NO;
				GCC_NO_COMMON_BLOCKS = YES;
				GCC_OPTIMIZATION_LEVEL = 0;
				GCC_PREPROCESSOR_DEFINITIONS = (
					"DEBUG=1",
					"$(inherited)",
				);
				GCC_WARN_64_TO_32_BIT_CONVERSION = YES;
				GCC_WARN_ABOUT_RETURN_TYPE = YES_ERROR;
				GCC_WARN_UNDECLARED_SELECTOR = YES;
				GCC_WARN_UNINITIALIZED_AUTOS = YES_AGGRESSIVE;
				GCC_WARN_UNUSED_FUNCTION = YES;
				GCC_WARN_UNUSED_VARIABLE = YES;
				IPHONEOS_DEPLOYMENT_TARGET = 13.2;
				MTL_ENABLE_DEBUG_INFO = INCLUDE_SOURCE;
				MTL_FAST_MATH = YES;
				ONLY_ACTIVE_ARCH = YES;
				SDKROOT = iphoneos;
			};
			name = Debug;
		};
		A5C2374B24E70ABD0010CA8D /* Release */ = {
			isa = XCBuildConfiguration;
			buildSettings = {
				ALWAYS_SEARCH_USER_PATHS = NO;
				CLANG_ANALYZER_NONNULL = YES;
				CLANG_ANALYZER_NUMBER_OBJECT_CONVERSION = YES_AGGRESSIVE;
				CLANG_CXX_LANGUAGE_STANDARD = "gnu++14";
				CLANG_CXX_LIBRARY = "libc++";
				CLANG_ENABLE_MODULES = YES;
				CLANG_ENABLE_OBJC_ARC = YES;
				CLANG_ENABLE_OBJC_WEAK = YES;
				CLANG_WARN_BLOCK_CAPTURE_AUTORELEASING = YES;
				CLANG_WARN_BOOL_CONVERSION = YES;
				CLANG_WARN_COMMA = YES;
				CLANG_WARN_CONSTANT_CONVERSION = YES;
				CLANG_WARN_DEPRECATED_OBJC_IMPLEMENTATIONS = YES;
				CLANG_WARN_DIRECT_OBJC_ISA_USAGE = YES_ERROR;
				CLANG_WARN_DOCUMENTATION_COMMENTS = YES;
				CLANG_WARN_EMPTY_BODY = YES;
				CLANG_WARN_ENUM_CONVERSION = YES;
				CLANG_WARN_INFINITE_RECURSION = YES;
				CLANG_WARN_INT_CONVERSION = YES;
				CLANG_WARN_NON_LITERAL_NULL_CONVERSION = YES;
				CLANG_WARN_OBJC_IMPLICIT_RETAIN_SELF = YES;
				CLANG_WARN_OBJC_LITERAL_CONVERSION = YES;
				CLANG_WARN_OBJC_ROOT_CLASS = YES_ERROR;
				CLANG_WARN_RANGE_LOOP_ANALYSIS = YES;
				CLANG_WARN_STRICT_PROTOTYPES = YES;
				CLANG_WARN_SUSPICIOUS_MOVE = YES;
				CLANG_WARN_UNGUARDED_AVAILABILITY = YES_AGGRESSIVE;
				CLANG_WARN_UNREACHABLE_CODE = YES;
				CLANG_WARN__DUPLICATE_METHOD_MATCH = YES;
				COPY_PHASE_STRIP = NO;
				DEBUG_INFORMATION_FORMAT = "dwarf-with-dsym";
				ENABLE_NS_ASSERTIONS = NO;
				ENABLE_STRICT_OBJC_MSGSEND = YES;
				GCC_C_LANGUAGE_STANDARD = gnu11;
				GCC_NO_COMMON_BLOCKS = YES;
				GCC_WARN_64_TO_32_BIT_CONVERSION = YES;
				GCC_WARN_ABOUT_RETURN_TYPE = YES_ERROR;
				GCC_WARN_UNDECLARED_SELECTOR = YES;
				GCC_WARN_UNINITIALIZED_AUTOS = YES_AGGRESSIVE;
				GCC_WARN_UNUSED_FUNCTION = YES;
				GCC_WARN_UNUSED_VARIABLE = YES;
				IPHONEOS_DEPLOYMENT_TARGET = 13.2;
				MTL_ENABLE_DEBUG_INFO = NO;
				MTL_FAST_MATH = YES;
				SDKROOT = iphoneos;
				VALIDATE_PRODUCT = YES;
			};
			name = Release;
		};
		A5C2374D24E70ABD0010CA8D /* Debug */ = {
			isa = XCBuildConfiguration;
			baseConfigurationReference = 209B7D2E3744605805B006CD /* Pods-ios-flutter-frame.debug.xcconfig */;
			buildSettings = {
				ASSETCATALOG_COMPILER_APPICON_NAME = AppIcon;
				CODE_SIGN_STYLE = Automatic;
				DEVELOPMENT_TEAM = 34LAJW9359;
				INFOPLIST_FILE = "ios-flutter-frame/Info.plist";
				IPHONEOS_DEPLOYMENT_TARGET = 13.2;
				LD_RUNPATH_SEARCH_PATHS = (
					"$(inherited)",
					"@executable_path/Frameworks",
				);
				PRODUCT_BUNDLE_IDENTIFIER = "fb.ios-flutter-frame";
				PRODUCT_NAME = "$(TARGET_NAME)";
				TARGETED_DEVICE_FAMILY = 1;
			};
			name = Debug;
		};
		A5C2374E24E70ABD0010CA8D /* Release */ = {
			isa = XCBuildConfiguration;
			baseConfigurationReference = EE067AA8760608850B7068E8 /* Pods-ios-flutter-frame.release.xcconfig */;
			buildSettings = {
				ASSETCATALOG_COMPILER_APPICON_NAME = AppIcon;
				CODE_SIGN_STYLE = Automatic;
				DEVELOPMENT_TEAM = 34LAJW9359;
				INFOPLIST_FILE = "ios-flutter-frame/Info.plist";
				IPHONEOS_DEPLOYMENT_TARGET = 13.2;
				LD_RUNPATH_SEARCH_PATHS = (
					"$(inherited)",
					"@executable_path/Frameworks",
				);
				PRODUCT_BUNDLE_IDENTIFIER = "fb.ios-flutter-frame";
				PRODUCT_NAME = "$(TARGET_NAME)";
				TARGETED_DEVICE_FAMILY = 1;
			};
			name = Release;
		};
/* End XCBuildConfiguration section */

/* Begin XCConfigurationList section */
		A5C2372E24E70ABC0010CA8D /* Build configuration list for PBXProject "ios-flutter-frame" */ = {
			isa = XCConfigurationList;
			buildConfigurations = (
				A5C2374A24E70ABD0010CA8D /* Debug */,
				A5C2374B24E70ABD0010CA8D /* Release */,
			);
			defaultConfigurationIsVisible = 0;
			defaultConfigurationName = Release;
		};
		A5C2374C24E70ABD0010CA8D /* Build configuration list for PBXNativeTarget "ios-flutter-frame" */ = {
			isa = XCConfigurationList;
			buildConfigurations = (
				A5C2374D24E70ABD0010CA8D /* Debug */,
				A5C2374E24E70ABD0010CA8D /* Release */,
			);
			defaultConfigurationIsVisible = 0;
			defaultConfigurationName = Release;
		};
/* End XCConfigurationList section */
	};
	rootObject = A5C2372B24E70ABC0010CA8D /* Project object */;
}
